
Microsoft Visual Studio Solution File, Format Version 12.00
# Visual Studio Version 17
VisualStudioVersion = 17.4.33213.308
MinimumVisualStudioVersion = 10.0.40219.1
Project("{9A19103F-16F7-4668-BE54-9A1E7A4F7556}") = "WebApplication2", "WebApplication2\WebApplication2.csproj", "{32917680-A45D-48F7-A453-284E3C5E6955}"
EndProject
Project("{FAE04EC0-301F-11D3-BF4B-00C04F79EFBC}") = "BusinesEntities", "BusinesEntities\BusinesEntities.csproj", "{B0A87E5E-5B51-4B86-9E3E-66DEECB38772}"
EndProject
Project("{FAE04EC0-301F-11D3-BF4B-00C04F79EFBC}") = "BusinesServices", "BusinesServices\BusinesServices.csproj", "{3F0A5A47-3650-4132-B0AB-497FC53A02AE}"
EndProject
Project("{FAE04EC0-301F-11D3-BF4B-00C04F79EFBC}") = "DataModel", "DataModel\DataModel.csproj", "{2A8B4670-8B90-44B6-A37C-D1071746DC00}"
EndProject
Project("{FAE04EC0-301F-11D3-BF4B-00C04F79EFBC}") = "Utility", "Utility\Utility.csproj", "{DD6D31F5-D066-4944-8E30-1EF92BCF6207}"
EndProject
Global
	GlobalSection(SolutionConfigurationPlatforms) = preSolution
		Debug|Any CPU = Debug|Any CPU
		Release|Any CPU = Release|Any CPU
	EndGlobalSection
	GlobalSection(ProjectConfigurationPlatforms) = postSolution
		{32917680-A45D-48F7-A453-284E3C5E6955}.Debug|Any CPU.ActiveCfg = Debug|Any CPU
		{32917680-A45D-48F7-A453-284E3C5E6955}.Debug|Any CPU.Build.0 = Debug|Any CPU
		{32917680-A45D-48F7-A453-284E3C5E6955}.Release|Any CPU.ActiveCfg = Release|Any CPU
		{32917680-A45D-48F7-A453-284E3C5E6955}.Release|Any CPU.Build.0 = Release|Any CPU
		{B0A87E5E-5B51-4B86-9E3E-66DEECB38772}.Debug|Any CPU.ActiveCfg = Debug|Any CPU
		{B0A87E5E-5B51-4B86-9E3E-66DEECB38772}.Debug|Any CPU.Build.0 = Debug|Any CPU
		{B0A87E5E-5B51-4B86-9E3E-66DEECB38772}.Release|Any CPU.ActiveCfg = Release|Any CPU
		{B0A87E5E-5B51-4B86-9E3E-66DEECB38772}.Release|Any CPU.Build.0 = Release|Any CPU
		{3F0A5A47-3650-4132-B0AB-497FC53A02AE}.Debug|Any CPU.ActiveCfg = Debug|Any CPU
		{3F0A5A47-3650-4132-B0AB-497FC53A02AE}.Debug|Any CPU.Build.0 = Debug|Any CPU
		{3F0A5A47-3650-4132-B0AB-497FC53A02AE}.Release|Any CPU.ActiveCfg = Release|Any CPU
		{3F0A5A47-3650-4132-B0AB-497FC53A02AE}.Release|Any CPU.Build.0 = Release|Any CPU
		{2A8B4670-8B90-44B6-A37C-D1071746DC00}.Debug|Any CPU.ActiveCfg = Debug|Any CPU
		{2A8B4670-8B90-44B6-A37C-D1071746DC00}.Debug|Any CPU.Build.0 = Debug|Any CPU
		{2A8B4670-8B90-44B6-A37C-D1071746DC00}.Release|Any CPU.ActiveCfg = Release|Any CPU
		{2A8B4670-8B90-44B6-A37C-D1071746DC00}.Release|Any CPU.Build.0 = Release|Any CPU
		{DD6D31F5-D066-4944-8E30-1EF92BCF6207}.Debug|Any CPU.ActiveCfg = Debug|Any CPU
		{DD6D31F5-D066-4944-8E30-1EF92BCF6207}.Debug|Any CPU.Build.0 = Debug|Any CPU
		{DD6D31F5-D066-4944-8E30-1EF92BCF6207}.Release|Any CPU.ActiveCfg = Release|Any CPU
		{DD6D31F5-D066-4944-8E30-1EF92BCF6207}.Release|Any CPU.Build.0 = Release|Any CPU
	EndGlobalSection
	GlobalSection(SolutionProperties) = preSolution
		HideSolutionNode = FALSE
	EndGlobalSection
	GlobalSection(ExtensibilityGlobals) = postSolution
		SolutionGuid = {CFD90BBE-6DF3-40E6-B02F-9CC5309BA143}
	EndGlobalSection
EndGlobal
